
Microsoft Visual Studio Solution File, Format Version 12.00
# Visual Studio 15
VisualStudioVersion = 15.0.28010.2050
MinimumVisualStudioVersion = 10.0.40219.1
Project("{FAE04EC0-301F-11D3-BF4B-00C04F79EFBC}") = "eerffsad", "eerffsad\eerffsad.csproj", "{FF76BE2F-4EE5-4EEA-A8F9-C809F87C5E79}"
EndProject
Global
	GlobalSection(SolutionConfigurationPlatforms) = preSolution
		Debug|Any CPU = Debug|Any CPU
		Release|Any CPU = Release|Any CPU
	EndGlobalSection
	GlobalSection(ProjectConfigurationPlatforms) = postSolution
		{FF76BE2F-4EE5-4EEA-A8F9-C809F87C5E79}.Debug|Any CPU.ActiveCfg = Debug|Any CPU
		{FF76BE2F-4EE5-4EEA-A8F9-C809F87C5E79}.Debug|Any CPU.Build.0 = Debug|Any CPU
		{FF76BE2F-4EE5-4EEA-A8F9-C809F87C5E79}.Release|Any CPU.ActiveCfg = Release|Any CPU
		{FF76BE2F-4EE5-4EEA-A8F9-C809F87C5E79}.Release|Any CPU.Build.0 = Release|Any CPU
	EndGlobalSection
	GlobalSection(SolutionProperties) = preSolution
		HideSolutionNode = FALSE
	EndGlobalSection
	GlobalSection(ExtensibilityGlobals) = postSolution
		SolutionGuid = {9B6FD058-9D81-4B87-B7F6-74F3E83F6CF7}
	EndGlobalSection
EndGlobal
