
Microsoft Visual Studio Solution File, Format Version 12.00
# Visual Studio 15
VisualStudioVersion = 15.0.28010.2050
MinimumVisualStudioVersion = 10.0.40219.1
Project("{FAE04EC0-301F-11D3-BF4B-00C04F79EFBC}") = "Server2", "Server2\Server2.csproj", "{0DA6CD29-F2AE-45A3-AF07-E2B429C2C46F}"
EndProject
Global
	GlobalSection(SolutionConfigurationPlatforms) = preSolution
		Debug|Any CPU = Debug|Any CPU
		Release|Any CPU = Release|Any CPU
	EndGlobalSection
	GlobalSection(ProjectConfigurationPlatforms) = postSolution
		{0DA6CD29-F2AE-45A3-AF07-E2B429C2C46F}.Debug|Any CPU.ActiveCfg = Debug|Any CPU
		{0DA6CD29-F2AE-45A3-AF07-E2B429C2C46F}.Debug|Any CPU.Build.0 = Debug|Any CPU
		{0DA6CD29-F2AE-45A3-AF07-E2B429C2C46F}.Release|Any CPU.ActiveCfg = Release|Any CPU
		{0DA6CD29-F2AE-45A3-AF07-E2B429C2C46F}.Release|Any CPU.Build.0 = Release|Any CPU
	EndGlobalSection
	GlobalSection(SolutionProperties) = preSolution
		HideSolutionNode = FALSE
	EndGlobalSection
	GlobalSection(ExtensibilityGlobals) = postSolution
		SolutionGuid = {25D20A0F-DC34-4C6F-8BFB-5E8143AEFE55}
	EndGlobalSection
EndGlobal
