
Microsoft Visual Studio Solution File, Format Version 12.00
# Visual Studio 15
VisualStudioVersion = 15.0.28010.2050
MinimumVisualStudioVersion = 10.0.40219.1
Project("{FAE04EC0-301F-11D3-BF4B-00C04F79EFBC}") = "OracleTest2", "OracleTest2\OracleTest2.csproj", "{5FB4D002-6B7C-4740-A09A-7FC23B4677A1}"
EndProject
Global
	GlobalSection(SolutionConfigurationPlatforms) = preSolution
		Debug|Any CPU = Debug|Any CPU
		Release|Any CPU = Release|Any CPU
	EndGlobalSection
	GlobalSection(ProjectConfigurationPlatforms) = postSolution
		{5FB4D002-6B7C-4740-A09A-7FC23B4677A1}.Debug|Any CPU.ActiveCfg = Debug|Any CPU
		{5FB4D002-6B7C-4740-A09A-7FC23B4677A1}.Debug|Any CPU.Build.0 = Debug|Any CPU
		{5FB4D002-6B7C-4740-A09A-7FC23B4677A1}.Release|Any CPU.ActiveCfg = Release|Any CPU
		{5FB4D002-6B7C-4740-A09A-7FC23B4677A1}.Release|Any CPU.Build.0 = Release|Any CPU
	EndGlobalSection
	GlobalSection(SolutionProperties) = preSolution
		HideSolutionNode = FALSE
	EndGlobalSection
	GlobalSection(ExtensibilityGlobals) = postSolution
		SolutionGuid = {9EB1074F-ED92-4609-A537-18BF07E36507}
	EndGlobalSection
EndGlobal
