
Microsoft Visual Studio Solution File, Format Version 12.00
# Visual Studio 15
VisualStudioVersion = 15.0.28010.2050
MinimumVisualStudioVersion = 10.0.40219.1
Project("{FAE04EC0-301F-11D3-BF4B-00C04F79EFBC}") = "DeleTest", "DeleTest\DeleTest.csproj", "{DE2A028D-B091-44B2-BA99-DFD3B713EFBA}"
EndProject
Global
	GlobalSection(SolutionConfigurationPlatforms) = preSolution
		Debug|Any CPU = Debug|Any CPU
		Release|Any CPU = Release|Any CPU
	EndGlobalSection
	GlobalSection(ProjectConfigurationPlatforms) = postSolution
		{DE2A028D-B091-44B2-BA99-DFD3B713EFBA}.Debug|Any CPU.ActiveCfg = Debug|Any CPU
		{DE2A028D-B091-44B2-BA99-DFD3B713EFBA}.Debug|Any CPU.Build.0 = Debug|Any CPU
		{DE2A028D-B091-44B2-BA99-DFD3B713EFBA}.Release|Any CPU.ActiveCfg = Release|Any CPU
		{DE2A028D-B091-44B2-BA99-DFD3B713EFBA}.Release|Any CPU.Build.0 = Release|Any CPU
	EndGlobalSection
	GlobalSection(SolutionProperties) = preSolution
		HideSolutionNode = FALSE
	EndGlobalSection
	GlobalSection(ExtensibilityGlobals) = postSolution
		SolutionGuid = {A6BD01D1-0F6A-405B-B234-7E4DE34DDA12}
	EndGlobalSection
EndGlobal
