
Microsoft Visual Studio Solution File, Format Version 12.00
# Visual Studio 15
VisualStudioVersion = 15.0.28010.2050
MinimumVisualStudioVersion = 10.0.40219.1
Project("{FAE04EC0-301F-11D3-BF4B-00C04F79EFBC}") = "were", "were\were.csproj", "{81416781-3AAF-4292-B0D3-1DB1308CC849}"
EndProject
Global
	GlobalSection(SolutionConfigurationPlatforms) = preSolution
		Debug|Any CPU = Debug|Any CPU
		Release|Any CPU = Release|Any CPU
	EndGlobalSection
	GlobalSection(ProjectConfigurationPlatforms) = postSolution
		{81416781-3AAF-4292-B0D3-1DB1308CC849}.Debug|Any CPU.ActiveCfg = Debug|Any CPU
		{81416781-3AAF-4292-B0D3-1DB1308CC849}.Debug|Any CPU.Build.0 = Debug|Any CPU
		{81416781-3AAF-4292-B0D3-1DB1308CC849}.Release|Any CPU.ActiveCfg = Release|Any CPU
		{81416781-3AAF-4292-B0D3-1DB1308CC849}.Release|Any CPU.Build.0 = Release|Any CPU
	EndGlobalSection
	GlobalSection(SolutionProperties) = preSolution
		HideSolutionNode = FALSE
	EndGlobalSection
	GlobalSection(ExtensibilityGlobals) = postSolution
		SolutionGuid = {C8AD2D63-687A-44B8-9340-EA7202F6062B}
	EndGlobalSection
EndGlobal
