
Microsoft Visual Studio Solution File, Format Version 12.00
# Visual Studio 15
VisualStudioVersion = 15.0.28010.2050
MinimumVisualStudioVersion = 10.0.40219.1
Project("{FAE04EC0-301F-11D3-BF4B-00C04F79EFBC}") = "ArrayTest", "ArrayTest\ArrayTest.csproj", "{810F9550-673C-4C46-A43F-1F256BDB5F0C}"
EndProject
Global
	GlobalSection(SolutionConfigurationPlatforms) = preSolution
		Debug|Any CPU = Debug|Any CPU
		Release|Any CPU = Release|Any CPU
	EndGlobalSection
	GlobalSection(ProjectConfigurationPlatforms) = postSolution
		{810F9550-673C-4C46-A43F-1F256BDB5F0C}.Debug|Any CPU.ActiveCfg = Debug|Any CPU
		{810F9550-673C-4C46-A43F-1F256BDB5F0C}.Debug|Any CPU.Build.0 = Debug|Any CPU
		{810F9550-673C-4C46-A43F-1F256BDB5F0C}.Release|Any CPU.ActiveCfg = Release|Any CPU
		{810F9550-673C-4C46-A43F-1F256BDB5F0C}.Release|Any CPU.Build.0 = Release|Any CPU
	EndGlobalSection
	GlobalSection(SolutionProperties) = preSolution
		HideSolutionNode = FALSE
	EndGlobalSection
	GlobalSection(ExtensibilityGlobals) = postSolution
		SolutionGuid = {54A71E6A-14F7-42DD-B6C2-64955B8219F9}
	EndGlobalSection
EndGlobal
