
Microsoft Visual Studio Solution File, Format Version 12.00
# Visual Studio 15
VisualStudioVersion = 15.0.28010.2050
MinimumVisualStudioVersion = 10.0.40219.1
Project("{FAE04EC0-301F-11D3-BF4B-00C04F79EFBC}") = "Consw", "Consw\Consw.csproj", "{470E1193-EC79-498E-BE46-1D204D6C7A88}"
EndProject
Global
	GlobalSection(SolutionConfigurationPlatforms) = preSolution
		Debug|Any CPU = Debug|Any CPU
		Release|Any CPU = Release|Any CPU
	EndGlobalSection
	GlobalSection(ProjectConfigurationPlatforms) = postSolution
		{470E1193-EC79-498E-BE46-1D204D6C7A88}.Debug|Any CPU.ActiveCfg = Debug|Any CPU
		{470E1193-EC79-498E-BE46-1D204D6C7A88}.Debug|Any CPU.Build.0 = Debug|Any CPU
		{470E1193-EC79-498E-BE46-1D204D6C7A88}.Release|Any CPU.ActiveCfg = Release|Any CPU
		{470E1193-EC79-498E-BE46-1D204D6C7A88}.Release|Any CPU.Build.0 = Release|Any CPU
	EndGlobalSection
	GlobalSection(SolutionProperties) = preSolution
		HideSolutionNode = FALSE
	EndGlobalSection
	GlobalSection(ExtensibilityGlobals) = postSolution
		SolutionGuid = {D3D66C55-B98E-472B-9A50-50DC9F696E38}
	EndGlobalSection
EndGlobal
